
Microsoft Visual Studio Solution File, Format Version 12.00
# Visual Studio Version 17
VisualStudioVersion = 17.14.36414.22 d17.14
MinimumVisualStudioVersion = 10.0.40219.1
Project("{FAE04EC0-301F-11D3-BF4B-00C04F79EFBC}") = "Bitcoin-Cracker", "Bitcoin-Cracker.csproj", "{A26CFD8F-711F-42DF-A9DB-8743509E4A30}"
EndProject
Global
	GlobalSection(SolutionConfigurationPlatforms) = preSolution
		Debug|Any CPU = Debug|Any CPU
		Release|Any CPU = Release|Any CPU
	EndGlobalSection
	GlobalSection(ProjectConfigurationPlatforms) = postSolution
		{A26CFD8F-711F-42DF-A9DB-8743509E4A30}.Debug|Any CPU.ActiveCfg = Debug|Any CPU
		{A26CFD8F-711F-42DF-A9DB-8743509E4A30}.Debug|Any CPU.Build.0 = Debug|Any CPU
		{A26CFD8F-711F-42DF-A9DB-8743509E4A30}.Release|Any CPU.ActiveCfg = Release|Any CPU
		{A26CFD8F-711F-42DF-A9DB-8743509E4A30}.Release|Any CPU.Build.0 = Release|Any CPU
	EndGlobalSection
	GlobalSection(SolutionProperties) = preSolution
		HideSolutionNode = FALSE
	EndGlobalSection
	GlobalSection(ExtensibilityGlobals) = postSolution
		SolutionGuid = {8F15F744-CF58-497C-AA7F-29500CD4EE6C}
	EndGlobalSection
EndGlobal
